{
  "nodes": {
    "nixpkgs": {
      "info": {
        "lastModified": 1587961704,
        "narHash": "sha256-/aqrj8zYfwz8Wd0qu7jgNvddXj7Bro3QHz2YKJOJO5M="
      },
      "locked": {
        "owner": "nixos",
        "repo": "nixpkgs",
        "rev": "fce7562cf46727fdaf801b232116bc9ce0512049",
        "type": "github"
      },
      "original": {
        "owner": "nixos",
        "repo": "nixpkgs",
        "rev": "fce7562cf46727fdaf801b232116bc9ce0512049",
        "type": "github"
      }
    },
    "root": {
      "inputs": {
        "nixpkgs": "nixpkgs"
      }
    }
  },
  "root": "root",
  "version": 5
}
